{
  "requires": true,
  "lockfileVersion": 1,
  "dependencies": {
    "selenium-server": {
      "version": "3.12.0",
      "resolved": "https://registry.npmjs.org/selenium-server/-/selenium-server-3.12.0.tgz",
      "integrity": "sha512-2qFVvAhn6JwsJ/UnYJjISJq7flIssDMVgaYLoh24SkZJ8YEdjSbMWEK5LTpN1stma5HPHSknaXBe38trf0NUww=="
    }
  }
}
